# THIS IS AN AUTOGENERATED FILE. DO NOT EDIT THIS FILE DIRECTLY.
# yarn lockfile v1


three@^0.138.3:
  version "0.138.3"
  resolved "https://registry.yarnpkg.com/three/-/three-0.138.3.tgz#7be5153d79dcbf9e9baad82e7faf8c29edda4ed0"
  integrity sha512-4t1cKC8gimNyJChJbaklg8W/qj3PpsLJUIFm5LIuAy/hVxxNm1ru2FGTSfbTSsuHmC/7ipsyuGKqrSAKLNtkzg==
